
Microsoft Visual Studio Solution File, Format Version 12.00
# Visual Studio Version 17
VisualStudioVersion = 17.13.35931.197 d17.13
MinimumVisualStudioVersion = 10.0.40219.1
Project("{FAE04EC0-301F-11D3-BF4B-00C04F79EFBC}") = "MauiControlMaps", "MauiControlMaps\MauiControlMaps.csproj", "{E7E0A482-89F4-45CC-BB43-FBA4B0BEA2FC}"
EndProject
Global
	GlobalSection(SolutionConfigurationPlatforms) = preSolution
		Debug|Any CPU = Debug|Any CPU
		Release|Any CPU = Release|Any CPU
	EndGlobalSection
	GlobalSection(ProjectConfigurationPlatforms) = postSolution
		{E7E0A482-89F4-45CC-BB43-FBA4B0BEA2FC}.Debug|Any CPU.ActiveCfg = Debug|Any CPU
		{E7E0A482-89F4-45CC-BB43-FBA4B0BEA2FC}.Debug|Any CPU.Build.0 = Debug|Any CPU
		{E7E0A482-89F4-45CC-BB43-FBA4B0BEA2FC}.Debug|Any CPU.Deploy.0 = Debug|Any CPU
		{E7E0A482-89F4-45CC-BB43-FBA4B0BEA2FC}.Release|Any CPU.ActiveCfg = Release|Any CPU
		{E7E0A482-89F4-45CC-BB43-FBA4B0BEA2FC}.Release|Any CPU.Build.0 = Release|Any CPU
		{E7E0A482-89F4-45CC-BB43-FBA4B0BEA2FC}.Release|Any CPU.Deploy.0 = Release|Any CPU
	EndGlobalSection
	GlobalSection(SolutionProperties) = preSolution
		HideSolutionNode = FALSE
	EndGlobalSection
	GlobalSection(ExtensibilityGlobals) = postSolution
		SolutionGuid = {FB3F9F1B-7366-4C36-8907-E7E9E0DE6558}
	EndGlobalSection
EndGlobal
